Microsoft Visual Studio Solution File, Format Version 1.00
Project("{66355F20-A65B-11D0-BFB5-00A0C91EBFA0}") = "Server", "Server.vjp", "{E7448F83-AE53-11D3-8088-000000000000}"
EndProject
Global
	GlobalSection(LocalDeployment) = postSolution
		StartupProject = {E7448F83-AE53-11D3-8088-000000000000}
	EndGlobalSection
	GlobalSection(BuildOrder) = postSolution
		0 = {E7448F83-AE53-11D3-8088-000000000000}
	EndGlobalSection
	GlobalSection(DeploymentRoot) = postSolution
	EndGlobalSection
EndGlobal
